
Microsoft Visual Studio Solution File, Format Version 12.00
# Visual Studio 14
VisualStudioVersion = 14.0.25420.1
MinimumVisualStudioVersion = 10.0.40219.1
Project("{FAE04EC0-301F-11D3-BF4B-00C04F79EFBC}") = "NavigationTest", "NavigationTest\NavigationTest\NavigationTest.csproj", "{BE3D94A5-BBFB-4942-874D-2D5EDE48A55D}"
EndProject
Project("{FAE04EC0-301F-11D3-BF4B-00C04F79EFBC}") = "NavigationTest.Droid", "NavigationTest\NavigationTest.Droid\NavigationTest.Droid.csproj", "{B26E4DBE-747E-4732-88B4-C9560A5EA99F}"
EndProject
Project("{FAE04EC0-301F-11D3-BF4B-00C04F79EFBC}") = "NavigationTest.iOS", "NavigationTest\NavigationTest.iOS\NavigationTest.iOS.csproj", "{78F1E621-14FF-44D9-A73F-5F8560DC4D34}"
EndProject
Project("{FAE04EC0-301F-11D3-BF4B-00C04F79EFBC}") = "NavigationTest.WinPhone", "NavigationTest\NavigationTest.WinPhone\NavigationTest.WinPhone.csproj", "{9180B674-CCE3-4323-9093-6324E894C4CA}"
EndProject
Project("{FAE04EC0-301F-11D3-BF4B-00C04F79EFBC}") = "NavigationTest.UWP", "NavigationTest\NavigationTest.UWP\NavigationTest.UWP.csproj", "{ED52712A-24B4-4BAB-A477-5DD82418A6FF}"
EndProject
Project("{FAE04EC0-301F-11D3-BF4B-00C04F79EFBC}") = "NavigationTest.Windows", "NavigationTest\NavigationTest.Windows\NavigationTest.Windows.csproj", "{945A84E5-6660-4D05-823B-088E4A0FA122}"
EndProject
Global
	GlobalSection(SolutionConfigurationPlatforms) = preSolution
		Ad-Hoc|Any CPU = Ad-Hoc|Any CPU
		Ad-Hoc|ARM = Ad-Hoc|ARM
		Ad-Hoc|iPhone = Ad-Hoc|iPhone
		Ad-Hoc|iPhoneSimulator = Ad-Hoc|iPhoneSimulator
		Ad-Hoc|x64 = Ad-Hoc|x64
		Ad-Hoc|x86 = Ad-Hoc|x86
		AppStore|Any CPU = AppStore|Any CPU
		AppStore|ARM = AppStore|ARM
		AppStore|iPhone = AppStore|iPhone
		AppStore|iPhoneSimulator = AppStore|iPhoneSimulator
		AppStore|x64 = AppStore|x64
		AppStore|x86 = AppStore|x86
		Debug|Any CPU = Debug|Any CPU
		Debug|ARM = Debug|ARM
		Debug|iPhone = Debug|iPhone
		Debug|iPhoneSimulator = Debug|iPhoneSimulator
		Debug|x64 = Debug|x64
		Debug|x86 = Debug|x86
		Release|Any CPU = Release|Any CPU
		Release|ARM = Release|ARM
		Release|iPhone = Release|iPhone
		Release|iPhoneSimulator = Release|iPhoneSimulator
		Release|x64 = Release|x64
		Release|x86 = Release|x86
	EndGlobalSection
	GlobalSection(ProjectConfigurationPlatforms) = postSolution
		{BE3D94A5-BBFB-4942-874D-2D5EDE48A55D}.Ad-Hoc|Any CPU.ActiveCfg = Release|Any CPU
		{BE3D94A5-BBFB-4942-874D-2D5EDE48A55D}.Ad-Hoc|Any CPU.Build.0 = Release|Any CPU
		{BE3D94A5-BBFB-4942-874D-2D5EDE48A55D}.Ad-Hoc|ARM.ActiveCfg = Release|Any CPU
		{BE3D94A5-BBFB-4942-874D-2D5EDE48A55D}.Ad-Hoc|ARM.Build.0 = Release|Any CPU
		{BE3D94A5-BBFB-4942-874D-2D5EDE48A55D}.Ad-Hoc|iPhone.ActiveCfg = Release|Any CPU
		{BE3D94A5-BBFB-4942-874D-2D5EDE48A55D}.Ad-Hoc|iPhone.Build.0 = Release|Any CPU
		{BE3D94A5-BBFB-4942-874D-2D5EDE48A55D}.Ad-Hoc|iPhoneSimulator.ActiveCfg = Release|Any CPU
		{BE3D94A5-BBFB-4942-874D-2D5EDE48A55D}.Ad-Hoc|iPhoneSimulator.Build.0 = Release|Any CPU
		{BE3D94A5-BBFB-4942-874D-2D5EDE48A55D}.Ad-Hoc|x64.ActiveCfg = Release|Any CPU
		{BE3D94A5-BBFB-4942-874D-2D5EDE48A55D}.Ad-Hoc|x64.Build.0 = Release|Any CPU
		{BE3D94A5-BBFB-4942-874D-2D5EDE48A55D}.Ad-Hoc|x86.ActiveCfg = Release|Any CPU
		{BE3D94A5-BBFB-4942-874D-2D5EDE48A55D}.Ad-Hoc|x86.Build.0 = Release|Any CPU
		{BE3D94A5-BBFB-4942-874D-2D5EDE48A55D}.AppStore|Any CPU.ActiveCfg = Release|Any CPU
		{BE3D94A5-BBFB-4942-874D-2D5EDE48A55D}.AppStore|Any CPU.Build.0 = Release|Any CPU
		{BE3D94A5-BBFB-4942-874D-2D5EDE48A55D}.AppStore|ARM.ActiveCfg = Release|Any CPU
		{BE3D94A5-BBFB-4942-874D-2D5EDE48A55D}.AppStore|ARM.Build.0 = Release|Any CPU
		{BE3D94A5-BBFB-4942-874D-2D5EDE48A55D}.AppStore|iPhone.ActiveCfg = Release|Any CPU
		{BE3D94A5-BBFB-4942-874D-2D5EDE48A55D}.AppStore|iPhone.Build.0 = Release|Any CPU
		{BE3D94A5-BBFB-4942-874D-2D5EDE48A55D}.AppStore|iPhoneSimulator.ActiveCfg = Release|Any CPU
		{BE3D94A5-BBFB-4942-874D-2D5EDE48A55D}.AppStore|iPhoneSimulator.Build.0 = Release|Any CPU
		{BE3D94A5-BBFB-4942-874D-2D5EDE48A55D}.AppStore|x64.ActiveCfg = Release|Any CPU
		{BE3D94A5-BBFB-4942-874D-2D5EDE48A55D}.AppStore|x64.Build.0 = Release|Any CPU
		{BE3D94A5-BBFB-4942-874D-2D5EDE48A55D}.AppStore|x86.ActiveCfg = Release|Any CPU
		{BE3D94A5-BBFB-4942-874D-2D5EDE48A55D}.AppStore|x86.Build.0 = Release|Any CPU
		{BE3D94A5-BBFB-4942-874D-2D5EDE48A55D}.Debug|Any CPU.ActiveCfg = Debug|Any CPU
		{BE3D94A5-BBFB-4942-874D-2D5EDE48A55D}.Debug|Any CPU.Build.0 = Debug|Any CPU
		{BE3D94A5-BBFB-4942-874D-2D5EDE48A55D}.Debug|ARM.ActiveCfg = Debug|Any CPU
		{BE3D94A5-BBFB-4942-874D-2D5EDE48A55D}.Debug|ARM.Build.0 = Debug|Any CPU
		{BE3D94A5-BBFB-4942-874D-2D5EDE48A55D}.Debug|iPhone.ActiveCfg = Debug|Any CPU
		{BE3D94A5-BBFB-4942-874D-2D5EDE48A55D}.Debug|iPhone.Build.0 = Debug|Any CPU
		{BE3D94A5-BBFB-4942-874D-2D5EDE48A55D}.Debug|iPhoneSimulator.ActiveCfg = Debug|Any CPU
		{BE3D94A5-BBFB-4942-874D-2D5EDE48A55D}.Debug|iPhoneSimulator.Build.0 = Debug|Any CPU
		{BE3D94A5-BBFB-4942-874D-2D5EDE48A55D}.Debug|x64.ActiveCfg = Debug|Any CPU
		{BE3D94A5-BBFB-4942-874D-2D5EDE48A55D}.Debug|x64.Build.0 = Debug|Any CPU
		{BE3D94A5-BBFB-4942-874D-2D5EDE48A55D}.Debug|x86.ActiveCfg = Debug|Any CPU
		{BE3D94A5-BBFB-4942-874D-2D5EDE48A55D}.Debug|x86.Build.0 = Debug|Any CPU
		{BE3D94A5-BBFB-4942-874D-2D5EDE48A55D}.Release|Any CPU.ActiveCfg = Release|Any CPU
		{BE3D94A5-BBFB-4942-874D-2D5EDE48A55D}.Release|Any CPU.Build.0 = Release|Any CPU
		{BE3D94A5-BBFB-4942-874D-2D5EDE48A55D}.Release|ARM.ActiveCfg = Release|Any CPU
		{BE3D94A5-BBFB-4942-874D-2D5EDE48A55D}.Release|ARM.Build.0 = Release|Any CPU
		{BE3D94A5-BBFB-4942-874D-2D5EDE48A55D}.Release|iPhone.ActiveCfg = Release|Any CPU
		{BE3D94A5-BBFB-4942-874D-2D5EDE48A55D}.Release|iPhone.Build.0 = Release|Any CPU
		{BE3D94A5-BBFB-4942-874D-2D5EDE48A55D}.Release|iPhoneSimulator.ActiveCfg = Release|Any CPU
		{BE3D94A5-BBFB-4942-874D-2D5EDE48A55D}.Release|iPhoneSimulator.Build.0 = Release|Any CPU
		{BE3D94A5-BBFB-4942-874D-2D5EDE48A55D}.Release|x64.ActiveCfg = Release|Any CPU
		{BE3D94A5-BBFB-4942-874D-2D5EDE48A55D}.Release|x64.Build.0 = Release|Any CPU
		{BE3D94A5-BBFB-4942-874D-2D5EDE48A55D}.Release|x86.ActiveCfg = Release|Any CPU
		{BE3D94A5-BBFB-4942-874D-2D5EDE48A55D}.Release|x86.Build.0 = Release|Any CPU
		{B26E4DBE-747E-4732-88B4-C9560A5EA99F}.Ad-Hoc|Any CPU.ActiveCfg = Release|Any CPU
		{B26E4DBE-747E-4732-88B4-C9560A5EA99F}.Ad-Hoc|Any CPU.Build.0 = Release|Any CPU
		{B26E4DBE-747E-4732-88B4-C9560A5EA99F}.Ad-Hoc|Any CPU.Deploy.0 = Release|Any CPU
		{B26E4DBE-747E-4732-88B4-C9560A5EA99F}.Ad-Hoc|ARM.ActiveCfg = Release|Any CPU
		{B26E4DBE-747E-4732-88B4-C9560A5EA99F}.Ad-Hoc|ARM.Build.0 = Release|Any CPU
		{B26E4DBE-747E-4732-88B4-C9560A5EA99F}.Ad-Hoc|ARM.Deploy.0 = Release|Any CPU
		{B26E4DBE-747E-4732-88B4-C9560A5EA99F}.Ad-Hoc|iPhone.ActiveCfg = Release|Any CPU
		{B26E4DBE-747E-4732-88B4-C9560A5EA99F}.Ad-Hoc|iPhone.Build.0 = Release|Any CPU
		{B26E4DBE-747E-4732-88B4-C9560A5EA99F}.Ad-Hoc|iPhone.Deploy.0 = Release|Any CPU
		{B26E4DBE-747E-4732-88B4-C9560A5EA99F}.Ad-Hoc|iPhoneSimulator.ActiveCfg = Release|Any CPU
		{B26E4DBE-747E-4732-88B4-C9560A5EA99F}.Ad-Hoc|iPhoneSimulator.Build.0 = Release|Any CPU
		{B26E4DBE-747E-4732-88B4-C9560A5EA99F}.Ad-Hoc|iPhoneSimulator.Deploy.0 = Release|Any CPU
		{B26E4DBE-747E-4732-88B4-C9560A5EA99F}.Ad-Hoc|x64.ActiveCfg = Release|Any CPU
		{B26E4DBE-747E-4732-88B4-C9560A5EA99F}.Ad-Hoc|x64.Build.0 = Release|Any CPU
		{B26E4DBE-747E-4732-88B4-C9560A5EA99F}.Ad-Hoc|x64.Deploy.0 = Release|Any CPU
		{B26E4DBE-747E-4732-88B4-C9560A5EA99F}.Ad-Hoc|x86.ActiveCfg = Release|Any CPU
		{B26E4DBE-747E-4732-88B4-C9560A5EA99F}.Ad-Hoc|x86.Build.0 = Release|Any CPU
		{B26E4DBE-747E-4732-88B4-C9560A5EA99F}.Ad-Hoc|x86.Deploy.0 = Release|Any CPU
		{B26E4DBE-747E-4732-88B4-C9560A5EA99F}.AppStore|Any CPU.ActiveCfg = Release|Any CPU
		{B26E4DBE-747E-4732-88B4-C9560A5EA99F}.AppStore|Any CPU.Build.0 = Release|Any CPU
		{B26E4DBE-747E-4732-88B4-C9560A5EA99F}.AppStore|Any CPU.Deploy.0 = Release|Any CPU
		{B26E4DBE-747E-4732-88B4-C9560A5EA99F}.AppStore|ARM.ActiveCfg = Release|Any CPU
		{B26E4DBE-747E-4732-88B4-C9560A5EA99F}.AppStore|ARM.Build.0 = Release|Any CPU
		{B26E4DBE-747E-4732-88B4-C9560A5EA99F}.AppStore|ARM.Deploy.0 = Release|Any CPU
		{B26E4DBE-747E-4732-88B4-C9560A5EA99F}.AppStore|iPhone.ActiveCfg = Release|Any CPU
		{B26E4DBE-747E-4732-88B4-C9560A5EA99F}.AppStore|iPhone.Build.0 = Release|Any CPU
		{B26E4DBE-747E-4732-88B4-C9560A5EA99F}.AppStore|iPhone.Deploy.0 = Release|Any CPU
		{B26E4DBE-747E-4732-88B4-C9560A5EA99F}.AppStore|iPhoneSimulator.ActiveCfg = Release|Any CPU
		{B26E4DBE-747E-4732-88B4-C9560A5EA99F}.AppStore|iPhoneSimulator.Build.0 = Release|Any CPU
		{B26E4DBE-747E-4732-88B4-C9560A5EA99F}.AppStore|iPhoneSimulator.Deploy.0 = Release|Any CPU
		{B26E4DBE-747E-4732-88B4-C9560A5EA99F}.AppStore|x64.ActiveCfg = Release|Any CPU
		{B26E4DBE-747E-4732-88B4-C9560A5EA99F}.AppStore|x64.Build.0 = Release|Any CPU
		{B26E4DBE-747E-4732-88B4-C9560A5EA99F}.AppStore|x64.Deploy.0 = Release|Any CPU
		{B26E4DBE-747E-4732-88B4-C9560A5EA99F}.AppStore|x86.ActiveCfg = Release|Any CPU
		{B26E4DBE-747E-4732-88B4-C9560A5EA99F}.AppStore|x86.Build.0 = Release|Any CPU
		{B26E4DBE-747E-4732-88B4-C9560A5EA99F}.AppStore|x86.Deploy.0 = Release|Any CPU
		{B26E4DBE-747E-4732-88B4-C9560A5EA99F}.Debug|Any CPU.ActiveCfg = Debug|Any CPU
		{B26E4DBE-747E-4732-88B4-C9560A5EA99F}.Debug|Any CPU.Build.0 = Debug|Any CPU
		{B26E4DBE-747E-4732-88B4-C9560A5EA99F}.Debug|Any CPU.Deploy.0 = Debug|Any CPU
		{B26E4DBE-747E-4732-88B4-C9560A5EA99F}.Debug|ARM.ActiveCfg = Debug|Any CPU
		{B26E4DBE-747E-4732-88B4-C9560A5EA99F}.Debug|ARM.Build.0 = Debug|Any CPU
		{B26E4DBE-747E-4732-88B4-C9560A5EA99F}.Debug|ARM.Deploy.0 = Debug|Any CPU
		{B26E4DBE-747E-4732-88B4-C9560A5EA99F}.Debug|iPhone.ActiveCfg = Debug|Any CPU
		{B26E4DBE-747E-4732-88B4-C9560A5EA99F}.Debug|iPhone.Build.0 = Debug|Any CPU
		{B26E4DBE-747E-4732-88B4-C9560A5EA99F}.Debug|iPhone.Deploy.0 = Debug|Any CPU
		{B26E4DBE-747E-4732-88B4-C9560A5EA99F}.Debug|iPhoneSimulator.ActiveCfg = Debug|Any CPU
		{B26E4DBE-747E-4732-88B4-C9560A5EA99F}.Debug|iPhoneSimulator.Build.0 = Debug|Any CPU
		{B26E4DBE-747E-4732-88B4-C9560A5EA99F}.Debug|iPhoneSimulator.Deploy.0 = Debug|Any CPU
		{B26E4DBE-747E-4732-88B4-C9560A5EA99F}.Debug|x64.ActiveCfg = Debug|Any CPU
		{B26E4DBE-747E-4732-88B4-C9560A5EA99F}.Debug|x64.Build.0 = Debug|Any CPU
		{B26E4DBE-747E-4732-88B4-C9560A5EA99F}.Debug|x64.Deploy.0 = Debug|Any CPU
		{B26E4DBE-747E-4732-88B4-C9560A5EA99F}.Debug|x86.ActiveCfg = Debug|Any CPU
		{B26E4DBE-747E-4732-88B4-C9560A5EA99F}.Debug|x86.Build.0 = Debug|Any CPU
		{B26E4DBE-747E-4732-88B4-C9560A5EA99F}.Debug|x86.Deploy.0 = Debug|Any CPU
		{B26E4DBE-747E-4732-88B4-C9560A5EA99F}.Release|Any CPU.ActiveCfg = Release|Any CPU
		{B26E4DBE-747E-4732-88B4-C9560A5EA99F}.Release|Any CPU.Build.0 = Release|Any CPU
		{B26E4DBE-747E-4732-88B4-C9560A5EA99F}.Release|Any CPU.Deploy.0 = Release|Any CPU
		{B26E4DBE-747E-4732-88B4-C9560A5EA99F}.Release|ARM.ActiveCfg = Release|Any CPU
		{B26E4DBE-747E-4732-88B4-C9560A5EA99F}.Release|ARM.Build.0 = Release|Any CPU
		{B26E4DBE-747E-4732-88B4-C9560A5EA99F}.Release|ARM.Deploy.0 = Release|Any CPU
		{B26E4DBE-747E-4732-88B4-C9560A5EA99F}.Release|iPhone.ActiveCfg = Release|Any CPU
		{B26E4DBE-747E-4732-88B4-C9560A5EA99F}.Release|iPhone.Build.0 = Release|Any CPU
		{B26E4DBE-747E-4732-88B4-C9560A5EA99F}.Release|iPhone.Deploy.0 = Release|Any CPU
		{B26E4DBE-747E-4732-88B4-C9560A5EA99F}.Release|iPhoneSimulator.ActiveCfg = Release|Any CPU
		{B26E4DBE-747E-4732-88B4-C9560A5EA99F}.Release|iPhoneSimulator.Build.0 = Release|Any CPU
		{B26E4DBE-747E-4732-88B4-C9560A5EA99F}.Release|iPhoneSimulator.Deploy.0 = Release|Any CPU
		{B26E4DBE-747E-4732-88B4-C9560A5EA99F}.Release|x64.ActiveCfg = Release|Any CPU
		{B26E4DBE-747E-4732-88B4-C9560A5EA99F}.Release|x64.Build.0 = Release|Any CPU
		{B26E4DBE-747E-4732-88B4-C9560A5EA99F}.Release|x64.Deploy.0 = Release|Any CPU
		{B26E4DBE-747E-4732-88B4-C9560A5EA99F}.Release|x86.ActiveCfg = Release|Any CPU
		{B26E4DBE-747E-4732-88B4-C9560A5EA99F}.Release|x86.Build.0 = Release|Any CPU
		{B26E4DBE-747E-4732-88B4-C9560A5EA99F}.Release|x86.Deploy.0 = Release|Any CPU
		{78F1E621-14FF-44D9-A73F-5F8560DC4D34}.Ad-Hoc|Any CPU.ActiveCfg = Ad-Hoc|iPhone
		{78F1E621-14FF-44D9-A73F-5F8560DC4D34}.Ad-Hoc|ARM.ActiveCfg = Ad-Hoc|iPhone
		{78F1E621-14FF-44D9-A73F-5F8560DC4D34}.Ad-Hoc|iPhone.ActiveCfg = Ad-Hoc|iPhone
		{78F1E621-14FF-44D9-A73F-5F8560DC4D34}.Ad-Hoc|iPhone.Build.0 = Ad-Hoc|iPhone
		{78F1E621-14FF-44D9-A73F-5F8560DC4D34}.Ad-Hoc|iPhoneSimulator.ActiveCfg = Ad-Hoc|iPhoneSimulator
		{78F1E621-14FF-44D9-A73F-5F8560DC4D34}.Ad-Hoc|iPhoneSimulator.Build.0 = Ad-Hoc|iPhoneSimulator
		{78F1E621-14FF-44D9-A73F-5F8560DC4D34}.Ad-Hoc|x64.ActiveCfg = Ad-Hoc|iPhone
		{78F1E621-14FF-44D9-A73F-5F8560DC4D34}.Ad-Hoc|x86.ActiveCfg = Ad-Hoc|iPhone
		{78F1E621-14FF-44D9-A73F-5F8560DC4D34}.AppStore|Any CPU.ActiveCfg = AppStore|iPhone
		{78F1E621-14FF-44D9-A73F-5F8560DC4D34}.AppStore|ARM.ActiveCfg = AppStore|iPhone
		{78F1E621-14FF-44D9-A73F-5F8560DC4D34}.AppStore|iPhone.ActiveCfg = AppStore|iPhone
		{78F1E621-14FF-44D9-A73F-5F8560DC4D34}.AppStore|iPhone.Build.0 = AppStore|iPhone
		{78F1E621-14FF-44D9-A73F-5F8560DC4D34}.AppStore|iPhoneSimulator.ActiveCfg = AppStore|iPhoneSimulator
		{78F1E621-14FF-44D9-A73F-5F8560DC4D34}.AppStore|iPhoneSimulator.Build.0 = AppStore|iPhoneSimulator
		{78F1E621-14FF-44D9-A73F-5F8560DC4D34}.AppStore|x64.ActiveCfg = AppStore|iPhone
		{78F1E621-14FF-44D9-A73F-5F8560DC4D34}.AppStore|x86.ActiveCfg = AppStore|iPhone
		{78F1E621-14FF-44D9-A73F-5F8560DC4D34}.Debug|Any CPU.ActiveCfg = Debug|iPhone
		{78F1E621-14FF-44D9-A73F-5F8560DC4D34}.Debug|ARM.ActiveCfg = Debug|iPhone
		{78F1E621-14FF-44D9-A73F-5F8560DC4D34}.Debug|iPhone.ActiveCfg = Debug|iPhone
		{78F1E621-14FF-44D9-A73F-5F8560DC4D34}.Debug|iPhone.Build.0 = Debug|iPhone
		{78F1E621-14FF-44D9-A73F-5F8560DC4D34}.Debug|iPhoneSimulator.ActiveCfg = Debug|iPhoneSimulator
		{78F1E621-14FF-44D9-A73F-5F8560DC4D34}.Debug|iPhoneSimulator.Build.0 = Debug|iPhoneSimulator
		{78F1E621-14FF-44D9-A73F-5F8560DC4D34}.Debug|x64.ActiveCfg = Debug|iPhone
		{78F1E621-14FF-44D9-A73F-5F8560DC4D34}.Debug|x86.ActiveCfg = Debug|iPhone
		{78F1E621-14FF-44D9-A73F-5F8560DC4D34}.Release|Any CPU.ActiveCfg = Release|iPhone
		{78F1E621-14FF-44D9-A73F-5F8560DC4D34}.Release|ARM.ActiveCfg = Release|iPhone
		{78F1E621-14FF-44D9-A73F-5F8560DC4D34}.Release|iPhone.ActiveCfg = Release|iPhone
		{78F1E621-14FF-44D9-A73F-5F8560DC4D34}.Release|iPhone.Build.0 = Release|iPhone
		{78F1E621-14FF-44D9-A73F-5F8560DC4D34}.Release|iPhoneSimulator.ActiveCfg = Release|iPhoneSimulator
		{78F1E621-14FF-44D9-A73F-5F8560DC4D34}.Release|iPhoneSimulator.Build.0 = Release|iPhoneSimulator
		{78F1E621-14FF-44D9-A73F-5F8560DC4D34}.Release|x64.ActiveCfg = Release|iPhone
		{78F1E621-14FF-44D9-A73F-5F8560DC4D34}.Release|x86.ActiveCfg = Release|iPhone
		{9180B674-CCE3-4323-9093-6324E894C4CA}.Ad-Hoc|Any CPU.ActiveCfg = Release|Any CPU
		{9180B674-CCE3-4323-9093-6324E894C4CA}.Ad-Hoc|Any CPU.Build.0 = Release|Any CPU
		{9180B674-CCE3-4323-9093-6324E894C4CA}.Ad-Hoc|Any CPU.Deploy.0 = Release|Any CPU
		{9180B674-CCE3-4323-9093-6324E894C4CA}.Ad-Hoc|ARM.ActiveCfg = Release|ARM
		{9180B674-CCE3-4323-9093-6324E894C4CA}.Ad-Hoc|ARM.Build.0 = Release|ARM
		{9180B674-CCE3-4323-9093-6324E894C4CA}.Ad-Hoc|ARM.Deploy.0 = Release|ARM
		{9180B674-CCE3-4323-9093-6324E894C4CA}.Ad-Hoc|iPhone.ActiveCfg = Release|Any CPU
		{9180B674-CCE3-4323-9093-6324E894C4CA}.Ad-Hoc|iPhone.Build.0 = Release|Any CPU
		{9180B674-CCE3-4323-9093-6324E894C4CA}.Ad-Hoc|iPhone.Deploy.0 = Release|Any CPU
		{9180B674-CCE3-4323-9093-6324E894C4CA}.Ad-Hoc|iPhoneSimulator.ActiveCfg = Release|Any CPU
		{9180B674-CCE3-4323-9093-6324E894C4CA}.Ad-Hoc|iPhoneSimulator.Build.0 = Release|Any CPU
		{9180B674-CCE3-4323-9093-6324E894C4CA}.Ad-Hoc|iPhoneSimulator.Deploy.0 = Release|Any CPU
		{9180B674-CCE3-4323-9093-6324E894C4CA}.Ad-Hoc|x64.ActiveCfg = Release|Any CPU
		{9180B674-CCE3-4323-9093-6324E894C4CA}.Ad-Hoc|x64.Build.0 = Release|Any CPU
		{9180B674-CCE3-4323-9093-6324E894C4CA}.Ad-Hoc|x64.Deploy.0 = Release|Any CPU
		{9180B674-CCE3-4323-9093-6324E894C4CA}.Ad-Hoc|x86.ActiveCfg = Release|x86
		{9180B674-CCE3-4323-9093-6324E894C4CA}.Ad-Hoc|x86.Build.0 = Release|x86
		{9180B674-CCE3-4323-9093-6324E894C4CA}.Ad-Hoc|x86.Deploy.0 = Release|x86
		{9180B674-CCE3-4323-9093-6324E894C4CA}.AppStore|Any CPU.ActiveCfg = Release|Any CPU
		{9180B674-CCE3-4323-9093-6324E894C4CA}.AppStore|Any CPU.Build.0 = Release|Any CPU
		{9180B674-CCE3-4323-9093-6324E894C4CA}.AppStore|Any CPU.Deploy.0 = Release|Any CPU
		{9180B674-CCE3-4323-9093-6324E894C4CA}.AppStore|ARM.ActiveCfg = Release|ARM
		{9180B674-CCE3-4323-9093-6324E894C4CA}.AppStore|ARM.Build.0 = Release|ARM
		{9180B674-CCE3-4323-9093-6324E894C4CA}.AppStore|ARM.Deploy.0 = Release|ARM
		{9180B674-CCE3-4323-9093-6324E894C4CA}.AppStore|iPhone.ActiveCfg = Release|Any CPU
		{9180B674-CCE3-4323-9093-6324E894C4CA}.AppStore|iPhone.Build.0 = Release|Any CPU
		{9180B674-CCE3-4323-9093-6324E894C4CA}.AppStore|iPhone.Deploy.0 = Release|Any CPU
		{9180B674-CCE3-4323-9093-6324E894C4CA}.AppStore|iPhoneSimulator.ActiveCfg = Release|Any CPU
		{9180B674-CCE3-4323-9093-6324E894C4CA}.AppStore|iPhoneSimulator.Build.0 = Release|Any CPU
		{9180B674-CCE3-4323-9093-6324E894C4CA}.AppStore|iPhoneSimulator.Deploy.0 = Release|Any CPU
		{9180B674-CCE3-4323-9093-6324E894C4CA}.AppStore|x64.ActiveCfg = Release|Any CPU
		{9180B674-CCE3-4323-9093-6324E894C4CA}.AppStore|x64.Build.0 = Release|Any CPU
		{9180B674-CCE3-4323-9093-6324E894C4CA}.AppStore|x64.Deploy.0 = Release|Any CPU
		{9180B674-CCE3-4323-9093-6324E894C4CA}.AppStore|x86.ActiveCfg = Release|x86
		{9180B674-CCE3-4323-9093-6324E894C4CA}.AppStore|x86.Build.0 = Release|x86
		{9180B674-CCE3-4323-9093-6324E894C4CA}.AppStore|x86.Deploy.0 = Release|x86
		{9180B674-CCE3-4323-9093-6324E894C4CA}.Debug|Any CPU.ActiveCfg = Debug|Any CPU
		{9180B674-CCE3-4323-9093-6324E894C4CA}.Debug|Any CPU.Build.0 = Debug|Any CPU
		{9180B674-CCE3-4323-9093-6324E894C4CA}.Debug|Any CPU.Deploy.0 = Debug|Any CPU
		{9180B674-CCE3-4323-9093-6324E894C4CA}.Debug|ARM.ActiveCfg = Debug|ARM
		{9180B674-CCE3-4323-9093-6324E894C4CA}.Debug|ARM.Build.0 = Debug|ARM
		{9180B674-CCE3-4323-9093-6324E894C4CA}.Debug|ARM.Deploy.0 = Debug|ARM
		{9180B674-CCE3-4323-9093-6324E894C4CA}.Debug|iPhone.ActiveCfg = Debug|Any CPU
		{9180B674-CCE3-4323-9093-6324E894C4CA}.Debug|iPhone.Build.0 = Debug|Any CPU
		{9180B674-CCE3-4323-9093-6324E894C4CA}.Debug|iPhone.Deploy.0 = Debug|Any CPU
		{9180B674-CCE3-4323-9093-6324E894C4CA}.Debug|iPhoneSimulator.ActiveCfg = Debug|Any CPU
		{9180B674-CCE3-4323-9093-6324E894C4CA}.Debug|iPhoneSimulator.Build.0 = Debug|Any CPU
		{9180B674-CCE3-4323-9093-6324E894C4CA}.Debug|iPhoneSimulator.Deploy.0 = Debug|Any CPU
		{9180B674-CCE3-4323-9093-6324E894C4CA}.Debug|x64.ActiveCfg = Debug|Any CPU
		{9180B674-CCE3-4323-9093-6324E894C4CA}.Debug|x64.Build.0 = Debug|Any CPU
		{9180B674-CCE3-4323-9093-6324E894C4CA}.Debug|x64.Deploy.0 = Debug|Any CPU
		{9180B674-CCE3-4323-9093-6324E894C4CA}.Debug|x86.ActiveCfg = Debug|x86
		{9180B674-CCE3-4323-9093-6324E894C4CA}.Debug|x86.Build.0 = Debug|x86
		{9180B674-CCE3-4323-9093-6324E894C4CA}.Debug|x86.Deploy.0 = Debug|x86
		{9180B674-CCE3-4323-9093-6324E894C4CA}.Release|Any CPU.ActiveCfg = Release|Any CPU
		{9180B674-CCE3-4323-9093-6324E894C4CA}.Release|Any CPU.Build.0 = Release|Any CPU
		{9180B674-CCE3-4323-9093-6324E894C4CA}.Release|Any CPU.Deploy.0 = Release|Any CPU
		{9180B674-CCE3-4323-9093-6324E894C4CA}.Release|ARM.ActiveCfg = Release|ARM
		{9180B674-CCE3-4323-9093-6324E894C4CA}.Release|ARM.Build.0 = Release|ARM
		{9180B674-CCE3-4323-9093-6324E894C4CA}.Release|ARM.Deploy.0 = Release|ARM
		{9180B674-CCE3-4323-9093-6324E894C4CA}.Release|iPhone.ActiveCfg = Release|Any CPU
		{9180B674-CCE3-4323-9093-6324E894C4CA}.Release|iPhone.Build.0 = Release|Any CPU
		{9180B674-CCE3-4323-9093-6324E894C4CA}.Release|iPhone.Deploy.0 = Release|Any CPU
		{9180B674-CCE3-4323-9093-6324E894C4CA}.Release|iPhoneSimulator.ActiveCfg = Release|Any CPU
		{9180B674-CCE3-4323-9093-6324E894C4CA}.Release|iPhoneSimulator.Build.0 = Release|Any CPU
		{9180B674-CCE3-4323-9093-6324E894C4CA}.Release|iPhoneSimulator.Deploy.0 = Release|Any CPU
		{9180B674-CCE3-4323-9093-6324E894C4CA}.Release|x64.ActiveCfg = Release|Any CPU
		{9180B674-CCE3-4323-9093-6324E894C4CA}.Release|x64.Build.0 = Release|Any CPU
		{9180B674-CCE3-4323-9093-6324E894C4CA}.Release|x64.Deploy.0 = Release|Any CPU
		{9180B674-CCE3-4323-9093-6324E894C4CA}.Release|x86.ActiveCfg = Release|x86
		{9180B674-CCE3-4323-9093-6324E894C4CA}.Release|x86.Build.0 = Release|x86
		{9180B674-CCE3-4323-9093-6324E894C4CA}.Release|x86.Deploy.0 = Release|x86
		{ED52712A-24B4-4BAB-A477-5DD82418A6FF}.Ad-Hoc|Any CPU.ActiveCfg = Release|x86
		{ED52712A-24B4-4BAB-A477-5DD82418A6FF}.Ad-Hoc|Any CPU.Build.0 = Release|x86
		{ED52712A-24B4-4BAB-A477-5DD82418A6FF}.Ad-Hoc|Any CPU.Deploy.0 = Release|x86
		{ED52712A-24B4-4BAB-A477-5DD82418A6FF}.Ad-Hoc|ARM.ActiveCfg = Release|ARM
		{ED52712A-24B4-4BAB-A477-5DD82418A6FF}.Ad-Hoc|ARM.Build.0 = Release|ARM
		{ED52712A-24B4-4BAB-A477-5DD82418A6FF}.Ad-Hoc|ARM.Deploy.0 = Release|ARM
		{ED52712A-24B4-4BAB-A477-5DD82418A6FF}.Ad-Hoc|iPhone.ActiveCfg = Release|x86
		{ED52712A-24B4-4BAB-A477-5DD82418A6FF}.Ad-Hoc|iPhone.Build.0 = Release|x86
		{ED52712A-24B4-4BAB-A477-5DD82418A6FF}.Ad-Hoc|iPhone.Deploy.0 = Release|x86
		{ED52712A-24B4-4BAB-A477-5DD82418A6FF}.Ad-Hoc|iPhoneSimulator.ActiveCfg = Release|x86
		{ED52712A-24B4-4BAB-A477-5DD82418A6FF}.Ad-Hoc|iPhoneSimulator.Build.0 = Release|x86
		{ED52712A-24B4-4BAB-A477-5DD82418A6FF}.Ad-Hoc|iPhoneSimulator.Deploy.0 = Release|x86
		{ED52712A-24B4-4BAB-A477-5DD82418A6FF}.Ad-Hoc|x64.ActiveCfg = Release|x64
		{ED52712A-24B4-4BAB-A477-5DD82418A6FF}.Ad-Hoc|x64.Build.0 = Release|x64
		{ED52712A-24B4-4BAB-A477-5DD82418A6FF}.Ad-Hoc|x64.Deploy.0 = Release|x64
		{ED52712A-24B4-4BAB-A477-5DD82418A6FF}.Ad-Hoc|x86.ActiveCfg = Release|x86
		{ED52712A-24B4-4BAB-A477-5DD82418A6FF}.Ad-Hoc|x86.Build.0 = Release|x86
		{ED52712A-24B4-4BAB-A477-5DD82418A6FF}.Ad-Hoc|x86.Deploy.0 = Release|x86
		{ED52712A-24B4-4BAB-A477-5DD82418A6FF}.AppStore|Any CPU.ActiveCfg = Release|x86
		{ED52712A-24B4-4BAB-A477-5DD82418A6FF}.AppStore|Any CPU.Build.0 = Release|x86
		{ED52712A-24B4-4BAB-A477-5DD82418A6FF}.AppStore|Any CPU.Deploy.0 = Release|x86
		{ED52712A-24B4-4BAB-A477-5DD82418A6FF}.AppStore|ARM.ActiveCfg = Release|ARM
		{ED52712A-24B4-4BAB-A477-5DD82418A6FF}.AppStore|ARM.Build.0 = Release|ARM
		{ED52712A-24B4-4BAB-A477-5DD82418A6FF}.AppStore|ARM.Deploy.0 = Release|ARM
		{ED52712A-24B4-4BAB-A477-5DD82418A6FF}.AppStore|iPhone.ActiveCfg = Release|x86
		{ED52712A-24B4-4BAB-A477-5DD82418A6FF}.AppStore|iPhone.Build.0 = Release|x86
		{ED52712A-24B4-4BAB-A477-5DD82418A6FF}.AppStore|iPhone.Deploy.0 = Release|x86
		{ED52712A-24B4-4BAB-A477-5DD82418A6FF}.AppStore|iPhoneSimulator.ActiveCfg = Release|x86
		{ED52712A-24B4-4BAB-A477-5DD82418A6FF}.AppStore|iPhoneSimulator.Build.0 = Release|x86
		{ED52712A-24B4-4BAB-A477-5DD82418A6FF}.AppStore|iPhoneSimulator.Deploy.0 = Release|x86
		{ED52712A-24B4-4BAB-A477-5DD82418A6FF}.AppStore|x64.ActiveCfg = Release|x64
		{ED52712A-24B4-4BAB-A477-5DD82418A6FF}.AppStore|x64.Build.0 = Release|x64
		{ED52712A-24B4-4BAB-A477-5DD82418A6FF}.AppStore|x64.Deploy.0 = Release|x64
		{ED52712A-24B4-4BAB-A477-5DD82418A6FF}.AppStore|x86.ActiveCfg = Release|x86
		{ED52712A-24B4-4BAB-A477-5DD82418A6FF}.AppStore|x86.Build.0 = Release|x86
		{ED52712A-24B4-4BAB-A477-5DD82418A6FF}.AppStore|x86.Deploy.0 = Release|x86
		{ED52712A-24B4-4BAB-A477-5DD82418A6FF}.Debug|Any CPU.ActiveCfg = Debug|x86
		{ED52712A-24B4-4BAB-A477-5DD82418A6FF}.Debug|ARM.ActiveCfg = Debug|ARM
		{ED52712A-24B4-4BAB-A477-5DD82418A6FF}.Debug|ARM.Build.0 = Debug|ARM
		{ED52712A-24B4-4BAB-A477-5DD82418A6FF}.Debug|ARM.Deploy.0 = Debug|ARM
		{ED52712A-24B4-4BAB-A477-5DD82418A6FF}.Debug|iPhone.ActiveCfg = Debug|x86
		{ED52712A-24B4-4BAB-A477-5DD82418A6FF}.Debug|iPhoneSimulator.ActiveCfg = Debug|x86
		{ED52712A-24B4-4BAB-A477-5DD82418A6FF}.Debug|x64.ActiveCfg = Debug|x64
		{ED52712A-24B4-4BAB-A477-5DD82418A6FF}.Debug|x64.Build.0 = Debug|x64
		{ED52712A-24B4-4BAB-A477-5DD82418A6FF}.Debug|x64.Deploy.0 = Debug|x64
		{ED52712A-24B4-4BAB-A477-5DD82418A6FF}.Debug|x86.ActiveCfg = Debug|x86
		{ED52712A-24B4-4BAB-A477-5DD82418A6FF}.Debug|x86.Build.0 = Debug|x86
		{ED52712A-24B4-4BAB-A477-5DD82418A6FF}.Debug|x86.Deploy.0 = Debug|x86
		{ED52712A-24B4-4BAB-A477-5DD82418A6FF}.Release|Any CPU.ActiveCfg = Release|x86
		{ED52712A-24B4-4BAB-A477-5DD82418A6FF}.Release|ARM.ActiveCfg = Release|ARM
		{ED52712A-24B4-4BAB-A477-5DD82418A6FF}.Release|ARM.Build.0 = Release|ARM
		{ED52712A-24B4-4BAB-A477-5DD82418A6FF}.Release|ARM.Deploy.0 = Release|ARM
		{ED52712A-24B4-4BAB-A477-5DD82418A6FF}.Release|iPhone.ActiveCfg = Release|x86
		{ED52712A-24B4-4BAB-A477-5DD82418A6FF}.Release|iPhoneSimulator.ActiveCfg = Release|x86
		{ED52712A-24B4-4BAB-A477-5DD82418A6FF}.Release|x64.ActiveCfg = Release|x64
		{ED52712A-24B4-4BAB-A477-5DD82418A6FF}.Release|x64.Build.0 = Release|x64
		{ED52712A-24B4-4BAB-A477-5DD82418A6FF}.Release|x64.Deploy.0 = Release|x64
		{ED52712A-24B4-4BAB-A477-5DD82418A6FF}.Release|x86.ActiveCfg = Release|x86
		{ED52712A-24B4-4BAB-A477-5DD82418A6FF}.Release|x86.Build.0 = Release|x86
		{ED52712A-24B4-4BAB-A477-5DD82418A6FF}.Release|x86.Deploy.0 = Release|x86
		{945A84E5-6660-4D05-823B-088E4A0FA122}.Ad-Hoc|Any CPU.ActiveCfg = Release|Any CPU
		{945A84E5-6660-4D05-823B-088E4A0FA122}.Ad-Hoc|Any CPU.Build.0 = Release|Any CPU
		{945A84E5-6660-4D05-823B-088E4A0FA122}.Ad-Hoc|Any CPU.Deploy.0 = Release|Any CPU
		{945A84E5-6660-4D05-823B-088E4A0FA122}.Ad-Hoc|ARM.ActiveCfg = Release|ARM
		{945A84E5-6660-4D05-823B-088E4A0FA122}.Ad-Hoc|ARM.Build.0 = Release|ARM
		{945A84E5-6660-4D05-823B-088E4A0FA122}.Ad-Hoc|ARM.Deploy.0 = Release|ARM
		{945A84E5-6660-4D05-823B-088E4A0FA122}.Ad-Hoc|iPhone.ActiveCfg = Release|Any CPU
		{945A84E5-6660-4D05-823B-088E4A0FA122}.Ad-Hoc|iPhone.Build.0 = Release|Any CPU
		{945A84E5-6660-4D05-823B-088E4A0FA122}.Ad-Hoc|iPhone.Deploy.0 = Release|Any CPU
		{945A84E5-6660-4D05-823B-088E4A0FA122}.Ad-Hoc|iPhoneSimulator.ActiveCfg = Release|Any CPU
		{945A84E5-6660-4D05-823B-088E4A0FA122}.Ad-Hoc|iPhoneSimulator.Build.0 = Release|Any CPU
		{945A84E5-6660-4D05-823B-088E4A0FA122}.Ad-Hoc|iPhoneSimulator.Deploy.0 = Release|Any CPU
		{945A84E5-6660-4D05-823B-088E4A0FA122}.Ad-Hoc|x64.ActiveCfg = Release|x64
		{945A84E5-6660-4D05-823B-088E4A0FA122}.Ad-Hoc|x64.Build.0 = Release|x64
		{945A84E5-6660-4D05-823B-088E4A0FA122}.Ad-Hoc|x64.Deploy.0 = Release|x64
		{945A84E5-6660-4D05-823B-088E4A0FA122}.Ad-Hoc|x86.ActiveCfg = Release|x86
		{945A84E5-6660-4D05-823B-088E4A0FA122}.Ad-Hoc|x86.Build.0 = Release|x86
		{945A84E5-6660-4D05-823B-088E4A0FA122}.Ad-Hoc|x86.Deploy.0 = Release|x86
		{945A84E5-6660-4D05-823B-088E4A0FA122}.AppStore|Any CPU.ActiveCfg = Release|Any CPU
		{945A84E5-6660-4D05-823B-088E4A0FA122}.AppStore|Any CPU.Build.0 = Release|Any CPU
		{945A84E5-6660-4D05-823B-088E4A0FA122}.AppStore|Any CPU.Deploy.0 = Release|Any CPU
		{945A84E5-6660-4D05-823B-088E4A0FA122}.AppStore|ARM.ActiveCfg = Release|ARM
		{945A84E5-6660-4D05-823B-088E4A0FA122}.AppStore|ARM.Build.0 = Release|ARM
		{945A84E5-6660-4D05-823B-088E4A0FA122}.AppStore|ARM.Deploy.0 = Release|ARM
		{945A84E5-6660-4D05-823B-088E4A0FA122}.AppStore|iPhone.ActiveCfg = Release|Any CPU
		{945A84E5-6660-4D05-823B-088E4A0FA122}.AppStore|iPhone.Build.0 = Release|Any CPU
		{945A84E5-6660-4D05-823B-088E4A0FA122}.AppStore|iPhone.Deploy.0 = Release|Any CPU
		{945A84E5-6660-4D05-823B-088E4A0FA122}.AppStore|iPhoneSimulator.ActiveCfg = Release|Any CPU
		{945A84E5-6660-4D05-823B-088E4A0FA122}.AppStore|iPhoneSimulator.Build.0 = Release|Any CPU
		{945A84E5-6660-4D05-823B-088E4A0FA122}.AppStore|iPhoneSimulator.Deploy.0 = Release|Any CPU
		{945A84E5-6660-4D05-823B-088E4A0FA122}.AppStore|x64.ActiveCfg = Release|x64
		{945A84E5-6660-4D05-823B-088E4A0FA122}.AppStore|x64.Build.0 = Release|x64
		{945A84E5-6660-4D05-823B-088E4A0FA122}.AppStore|x64.Deploy.0 = Release|x64
		{945A84E5-6660-4D05-823B-088E4A0FA122}.AppStore|x86.ActiveCfg = Release|x86
		{945A84E5-6660-4D05-823B-088E4A0FA122}.AppStore|x86.Build.0 = Release|x86
		{945A84E5-6660-4D05-823B-088E4A0FA122}.AppStore|x86.Deploy.0 = Release|x86
		{945A84E5-6660-4D05-823B-088E4A0FA122}.Debug|Any CPU.ActiveCfg = Debug|Any CPU
		{945A84E5-6660-4D05-823B-088E4A0FA122}.Debug|Any CPU.Build.0 = Debug|Any CPU
		{945A84E5-6660-4D05-823B-088E4A0FA122}.Debug|Any CPU.Deploy.0 = Debug|Any CPU
		{945A84E5-6660-4D05-823B-088E4A0FA122}.Debug|ARM.ActiveCfg = Debug|ARM
		{945A84E5-6660-4D05-823B-088E4A0FA122}.Debug|ARM.Build.0 = Debug|ARM
		{945A84E5-6660-4D05-823B-088E4A0FA122}.Debug|ARM.Deploy.0 = Debug|ARM
		{945A84E5-6660-4D05-823B-088E4A0FA122}.Debug|iPhone.ActiveCfg = Debug|Any CPU
		{945A84E5-6660-4D05-823B-088E4A0FA122}.Debug|iPhone.Build.0 = Debug|Any CPU
		{945A84E5-6660-4D05-823B-088E4A0FA122}.Debug|iPhone.Deploy.0 = Debug|Any CPU
		{945A84E5-6660-4D05-823B-088E4A0FA122}.Debug|iPhoneSimulator.ActiveCfg = Debug|Any CPU
		{945A84E5-6660-4D05-823B-088E4A0FA122}.Debug|iPhoneSimulator.Build.0 = Debug|Any CPU
		{945A84E5-6660-4D05-823B-088E4A0FA122}.Debug|iPhoneSimulator.Deploy.0 = Debug|Any CPU
		{945A84E5-6660-4D05-823B-088E4A0FA122}.Debug|x64.ActiveCfg = Debug|x64
		{945A84E5-6660-4D05-823B-088E4A0FA122}.Debug|x64.Build.0 = Debug|x64
		{945A84E5-6660-4D05-823B-088E4A0FA122}.Debug|x64.Deploy.0 = Debug|x64
		{945A84E5-6660-4D05-823B-088E4A0FA122}.Debug|x86.ActiveCfg = Debug|x86
		{945A84E5-6660-4D05-823B-088E4A0FA122}.Debug|x86.Build.0 = Debug|x86
		{945A84E5-6660-4D05-823B-088E4A0FA122}.Debug|x86.Deploy.0 = Debug|x86
		{945A84E5-6660-4D05-823B-088E4A0FA122}.Release|Any CPU.ActiveCfg = Release|Any CPU
		{945A84E5-6660-4D05-823B-088E4A0FA122}.Release|Any CPU.Build.0 = Release|Any CPU
		{945A84E5-6660-4D05-823B-088E4A0FA122}.Release|Any CPU.Deploy.0 = Release|Any CPU
		{945A84E5-6660-4D05-823B-088E4A0FA122}.Release|ARM.ActiveCfg = Release|ARM
		{945A84E5-6660-4D05-823B-088E4A0FA122}.Release|ARM.Build.0 = Release|ARM
		{945A84E5-6660-4D05-823B-088E4A0FA122}.Release|ARM.Deploy.0 = Release|ARM
		{945A84E5-6660-4D05-823B-088E4A0FA122}.Release|iPhone.ActiveCfg = Release|Any CPU
		{945A84E5-6660-4D05-823B-088E4A0FA122}.Release|iPhone.Build.0 = Release|Any CPU
		{945A84E5-6660-4D05-823B-088E4A0FA122}.Release|iPhone.Deploy.0 = Release|Any CPU
		{945A84E5-6660-4D05-823B-088E4A0FA122}.Release|iPhoneSimulator.ActiveCfg = Release|Any CPU
		{945A84E5-6660-4D05-823B-088E4A0FA122}.Release|iPhoneSimulator.Build.0 = Release|Any CPU
		{945A84E5-6660-4D05-823B-088E4A0FA122}.Release|iPhoneSimulator.Deploy.0 = Release|Any CPU
		{945A84E5-6660-4D05-823B-088E4A0FA122}.Release|x64.ActiveCfg = Release|x64
		{945A84E5-6660-4D05-823B-088E4A0FA122}.Release|x64.Build.0 = Release|x64
		{945A84E5-6660-4D05-823B-088E4A0FA122}.Release|x64.Deploy.0 = Release|x64
		{945A84E5-6660-4D05-823B-088E4A0FA122}.Release|x86.ActiveCfg = Release|x86
		{945A84E5-6660-4D05-823B-088E4A0FA122}.Release|x86.Build.0 = Release|x86
		{945A84E5-6660-4D05-823B-088E4A0FA122}.Release|x86.Deploy.0 = Release|x86
	EndGlobalSection
	GlobalSection(SolutionProperties) = preSolution
		HideSolutionNode = FALSE
	EndGlobalSection
EndGlobal
